
Microsoft Visual Studio Solution File, Format Version 12.00
# Visual Studio Version 16
VisualStudioVersion = 16.0.29424.173
MinimumVisualStudioVersion = 10.0.40219.1
Project("{FAE04EC0-301F-11D3-BF4B-00C04F79EFBC}") = "Automaton1", "Automaton1\Automaton1.csproj", "{84C3842D-65B7-4AA3-8440-FCCE3DB99005}"
EndProject
Global
	GlobalSection(SolutionConfigurationPlatforms) = preSolution
		Debug|Any CPU = Debug|Any CPU
		Release|Any CPU = Release|Any CPU
	EndGlobalSection
	GlobalSection(ProjectConfigurationPlatforms) = postSolution
		{84C3842D-65B7-4AA3-8440-FCCE3DB99005}.Debug|Any CPU.ActiveCfg = Debug|Any CPU
		{84C3842D-65B7-4AA3-8440-FCCE3DB99005}.Debug|Any CPU.Build.0 = Debug|Any CPU
		{84C3842D-65B7-4AA3-8440-FCCE3DB99005}.Release|Any CPU.ActiveCfg = Release|Any CPU
		{84C3842D-65B7-4AA3-8440-FCCE3DB99005}.Release|Any CPU.Build.0 = Release|Any CPU
	EndGlobalSection
	GlobalSection(SolutionProperties) = preSolution
		HideSolutionNode = FALSE
	EndGlobalSection
	GlobalSection(ExtensibilityGlobals) = postSolution
		SolutionGuid = {D010F47B-BE0F-4281-AE80-970ED9D98D63}
	EndGlobalSection
EndGlobal
